// !$*UTF8*$!
{
	archiveVersion = 1;
	classes = {
	};
	objectVersion = 56;
	objects = {

/* Begin PBXBuildFile section */
		9C3B4C9F2A9E795600E14DC6 /* OracleTestApp.swift in Sources */ = {isa = PBXBuildFile; fileRef = 9C3B4C9E2A9E795600E14DC6 /* OracleTestApp.swift */; };
		9C3B4CA32A9E795700E14DC6 /* Assets.xcassets in Resources */ = {isa = PBXBuildFile; fileRef = 9C3B4CA22A9E795700E14DC6 /* Assets.xcassets */; };
		9C3B4CA62A9E795700E14DC6 /* Preview Assets.xcassets in Resources */ = {isa = PBXBuildFile; fileRef = 9C3B4CA52A9E795700E14DC6 /* Preview Assets.xcassets */; };
		9C3B4CD02A9E7A6700E14DC6 /* PrincipalViewUI.swift in Sources */ = {isa = PBXBuildFile; fileRef = 9C3B4CCF2A9E7A6700E14DC6 /* PrincipalViewUI.swift */; };
		9C3B4CD22A9E7A7200E14DC6 /* PrincipalViewModel.swift in Sources */ = {isa = PBXBuildFile; fileRef = 9C3B4CD12A9E7A7200E14DC6 /* PrincipalViewModel.swift */; };
		9C3B4CD42A9E7A8100E14DC6 /* PrincipalModel.swift in Sources */ = {isa = PBXBuildFile; fileRef = 9C3B4CD32A9E7A8100E14DC6 /* PrincipalModel.swift */; };
		9C3B4CD62A9E7A9400E14DC6 /* DetailViewUI.swift in Sources */ = {isa = PBXBuildFile; fileRef = 9C3B4CD52A9E7A9400E14DC6 /* DetailViewUI.swift */; };
		9C3B4CDB2A9E7DC200E14DC6 /* CoinDB.swift in Sources */ = {isa = PBXBuildFile; fileRef = 9C3B4CDA2A9E7DC200E14DC6 /* CoinDB.swift */; };
		9C3B4CDE2A9EA11E00E14DC6 /* CacheAsynImage.swift in Sources */ = {isa = PBXBuildFile; fileRef = 9C3B4CDD2A9EA11E00E14DC6 /* CacheAsynImage.swift */; };
		9C3B4CE02A9EA2DC00E14DC6 /* SplashScreen.swift in Sources */ = {isa = PBXBuildFile; fileRef = 9C3B4CDF2A9EA2DC00E14DC6 /* SplashScreen.swift */; };
		9C6416162AA131C70036E910 /* PrincipalViewUITesting.swift in Sources */ = {isa = PBXBuildFile; fileRef = 9C6416152AA131C70036E910 /* PrincipalViewUITesting.swift */; };
		9C6F706B2A9EA7A4003913D7 /* ColorExtension.swift in Sources */ = {isa = PBXBuildFile; fileRef = 9C6F706A2A9EA7A4003913D7 /* ColorExtension.swift */; };
		9C7735082AA2402B00E794C3 /* FavoriteView.swift in Sources */ = {isa = PBXBuildFile; fileRef = 9C7735072AA2402B00E794C3 /* FavoriteView.swift */; };
		9CF8395F2A9EB02A00D17D0B /* NavigationExtension.swift in Sources */ = {isa = PBXBuildFile; fileRef = 9CF8395E2A9EB02A00D17D0B /* NavigationExtension.swift */; };
		9CF839612A9EB30400D17D0B /* StringExtension.swift in Sources */ = {isa = PBXBuildFile; fileRef = 9CF839602A9EB30400D17D0B /* StringExtension.swift */; };
		9CF839632A9FE19900D17D0B /* CoinViewModelTest.swift in Sources */ = {isa = PBXBuildFile; fileRef = 9CF839622A9FE19900D17D0B /* CoinViewModelTest.swift */; };
		9CF839652A9FE33D00D17D0B /* CoinModelTest.swift in Sources */ = {isa = PBXBuildFile; fileRef = 9CF839642A9FE33D00D17D0B /* CoinModelTest.swift */; };
/* End PBXBuildFile section */

/* Begin PBXContainerItemProxy section */
		9C3B4CB12A9E795700E14DC6 /* PBXContainerItemProxy */ = {
			isa = PBXContainerItemProxy;
			containerPortal = 9C3B4C932A9E795600E14DC6 /* Project object */;
			proxyType = 1;
			remoteGlobalIDString = 9C3B4C9A2A9E795600E14DC6;
			remoteInfo = OracleTest;
		};
		9C3B4CBB2A9E795700E14DC6 /* PBXContainerItemProxy */ = {
			isa = PBXContainerItemProxy;
			containerPortal = 9C3B4C932A9E795600E14DC6 /* Project object */;
			proxyType = 1;
			remoteGlobalIDString = 9C3B4C9A2A9E795600E14DC6;
			remoteInfo = OracleTest;
		};
/* End PBXContainerItemProxy section */

/* Begin PBXFileReference section */
		9C3B4C9B2A9E795600E14DC6 /* OracleTest.app */ = {isa = PBXFileReference; explicitFileType = wrapper.application; includeInIndex = 0; path = OracleTest.app; sourceTree = BUILT_PRODUCTS_DIR; };
		9C3B4C9E2A9E795600E14DC6 /* OracleTestApp.swift */ = {isa = PBXFileReference; lastKnownFileType = sourcecode.swift; path = OracleTestApp.swift; sourceTree = "<group>"; };
		9C3B4CA22A9E795700E14DC6 /* Assets.xcassets */ = {isa = PBXFileReference; lastKnownFileType = folder.assetcatalog; path = Assets.xcassets; sourceTree = "<group>"; };
		9C3B4CA52A9E795700E14DC6 /* Preview Assets.xcassets */ = {isa = PBXFileReference; lastKnownFileType = folder.assetcatalog; path = "Preview Assets.xcassets"; sourceTree = "<group>"; };
		9C3B4CB02A9E795700E14DC6 /* OracleTestTests.xctest */ = {isa = PBXFileReference; explicitFileType = wrapper.cfbundle; includeInIndex = 0; path = OracleTestTests.xctest; sourceTree = BUILT_PRODUCTS_DIR; };
		9C3B4CBA2A9E795700E14DC6 /* OracleTestUITests.xctest */ = {isa = PBXFileReference; explicitFileType = wrapper.cfbundle; includeInIndex = 0; path = OracleTestUITests.xctest; sourceTree = BUILT_PRODUCTS_DIR; };
		9C3B4CCF2A9E7A6700E14DC6 /* PrincipalViewUI.swift */ = {isa = PBXFileReference; lastKnownFileType = sourcecode.swift; path = PrincipalViewUI.swift; sourceTree = "<group>"; };
		9C3B4CD12A9E7A7200E14DC6 /* PrincipalViewModel.swift */ = {isa = PBXFileReference; lastKnownFileType = sourcecode.swift; path = PrincipalViewModel.swift; sourceTree = "<group>"; };
		9C3B4CD32A9E7A8100E14DC6 /* PrincipalModel.swift */ = {isa = PBXFileReference; lastKnownFileType = sourcecode.swift; path = PrincipalModel.swift; sourceTree = "<group>"; };
		9C3B4CD52A9E7A9400E14DC6 /* DetailViewUI.swift */ = {isa = PBXFileReference; lastKnownFileType = sourcecode.swift; path = DetailViewUI.swift; sourceTree = "<group>"; };
		9C3B4CDA2A9E7DC200E14DC6 /* CoinDB.swift */ = {isa = PBXFileReference; lastKnownFileType = sourcecode.swift; path = CoinDB.swift; sourceTree = "<group>"; };
		9C3B4CDD2A9EA11E00E14DC6 /* CacheAsynImage.swift */ = {isa = PBXFileReference; lastKnownFileType = sourcecode.swift; path = CacheAsynImage.swift; sourceTree = "<group>"; };
		9C3B4CDF2A9EA2DC00E14DC6 /* SplashScreen.swift */ = {isa = PBXFileReference; lastKnownFileType = sourcecode.swift; path = SplashScreen.swift; sourceTree = "<group>"; };
		9C6416152AA131C70036E910 /* PrincipalViewUITesting.swift */ = {isa = PBXFileReference; lastKnownFileType = sourcecode.swift; path = PrincipalViewUITesting.swift; sourceTree = "<group>"; };
		9C6F706A2A9EA7A4003913D7 /* ColorExtension.swift */ = {isa = PBXFileReference; lastKnownFileType = sourcecode.swift; path = ColorExtension.swift; sourceTree = "<group>"; };
		9C7735072AA2402B00E794C3 /* FavoriteView.swift */ = {isa = PBXFileReference; lastKnownFileType = sourcecode.swift; path = FavoriteView.swift; sourceTree = "<group>"; };
		9CF8395E2A9EB02A00D17D0B /* NavigationExtension.swift */ = {isa = PBXFileReference; lastKnownFileType = sourcecode.swift; path = NavigationExtension.swift; sourceTree = "<group>"; };
		9CF839602A9EB30400D17D0B /* StringExtension.swift */ = {isa = PBXFileReference; lastKnownFileType = sourcecode.swift; path = StringExtension.swift; sourceTree = "<group>"; };
		9CF839622A9FE19900D17D0B /* CoinViewModelTest.swift */ = {isa = PBXFileReference; lastKnownFileType = sourcecode.swift; path = CoinViewModelTest.swift; sourceTree = "<group>"; };
		9CF839642A9FE33D00D17D0B /* CoinModelTest.swift */ = {isa = PBXFileReference; lastKnownFileType = sourcecode.swift; path = CoinModelTest.swift; sourceTree = "<group>"; };
/* End PBXFileReference section */

/* Begin PBXFrameworksBuildPhase section */
		9C3B4C982A9E795600E14DC6 /* Frameworks */ = {
			isa = PBXFrameworksBuildPhase;
			buildActionMask = 2147483647;
			files = (
			);
			runOnlyForDeploymentPostprocessing = 0;
		};
		9C3B4CAD2A9E795700E14DC6 /* Frameworks */ = {
			isa = PBXFrameworksBuildPhase;
			buildActionMask = 2147483647;
			files = (
			);
			runOnlyForDeploymentPostprocessing = 0;
		};
		9C3B4CB72A9E795700E14DC6 /* Frameworks */ = {
			isa = PBXFrameworksBuildPhase;
			buildActionMask = 2147483647;
			files = (
			);
			runOnlyForDeploymentPostprocessing = 0;
		};
/* End PBXFrameworksBuildPhase section */

/* Begin PBXGroup section */
		9C3B4C922A9E795600E14DC6 = {
			isa = PBXGroup;
			children = (
				9C3B4C9D2A9E795600E14DC6 /* OracleTest */,
				9C3B4CB32A9E795700E14DC6 /* OracleTestTests */,
				9C3B4CBD2A9E795700E14DC6 /* OracleTestUITests */,
				9C3B4C9C2A9E795600E14DC6 /* Products */,
			);
			sourceTree = "<group>";
		};
		9C3B4C9C2A9E795600E14DC6 /* Products */ = {
			isa = PBXGroup;
			children = (
				9C3B4C9B2A9E795600E14DC6 /* OracleTest.app */,
				9C3B4CB02A9E795700E14DC6 /* OracleTestTests.xctest */,
				9C3B4CBA2A9E795700E14DC6 /* OracleTestUITests.xctest */,
			);
			name = Products;
			sourceTree = "<group>";
		};
		9C3B4C9D2A9E795600E14DC6 /* OracleTest */ = {
			isa = PBXGroup;
			children = (
				9C3B4CDC2A9EA10B00E14DC6 /* Utils */,
				9C3B4CDA2A9E7DC200E14DC6 /* CoinDB.swift */,
				9C3B4C9E2A9E795600E14DC6 /* OracleTestApp.swift */,
				9C7735062AA2401A00E794C3 /* FavoriteView */,
				9C3B4CD92A9E7AA900E14DC6 /* SplashScreen */,
				9C3B4CCE2A9E7A4700E14DC6 /* DetailsView */,
				9C3B4CCD2A9E7A3A00E14DC6 /* PrincipalView */,
				9C3B4CA22A9E795700E14DC6 /* Assets.xcassets */,
				9C3B4CA42A9E795700E14DC6 /* Preview Content */,
			);
			path = OracleTest;
			sourceTree = "<group>";
		};
		9C3B4CA42A9E795700E14DC6 /* Preview Content */ = {
			isa = PBXGroup;
			children = (
				9C3B4CA52A9E795700E14DC6 /* Preview Assets.xcassets */,
			);
			path = "Preview Content";
			sourceTree = "<group>";
		};
		9C3B4CB32A9E795700E14DC6 /* OracleTestTests */ = {
			isa = PBXGroup;
			children = (
				9CF839622A9FE19900D17D0B /* CoinViewModelTest.swift */,
				9CF839642A9FE33D00D17D0B /* CoinModelTest.swift */,
			);
			path = OracleTestTests;
			sourceTree = "<group>";
		};
		9C3B4CBD2A9E795700E14DC6 /* OracleTestUITests */ = {
			isa = PBXGroup;
			children = (
				9C6416152AA131C70036E910 /* PrincipalViewUITesting.swift */,
			);
			path = OracleTestUITests;
			sourceTree = "<group>";
		};
		9C3B4CCD2A9E7A3A00E14DC6 /* PrincipalView */ = {
			isa = PBXGroup;
			children = (
				9C3B4CCF2A9E7A6700E14DC6 /* PrincipalViewUI.swift */,
				9C3B4CD12A9E7A7200E14DC6 /* PrincipalViewModel.swift */,
				9C3B4CD32A9E7A8100E14DC6 /* PrincipalModel.swift */,
			);
			path = PrincipalView;
			sourceTree = "<group>";
		};
		9C3B4CCE2A9E7A4700E14DC6 /* DetailsView */ = {
			isa = PBXGroup;
			children = (
				9C3B4CD52A9E7A9400E14DC6 /* DetailViewUI.swift */,
			);
			path = DetailsView;
			sourceTree = "<group>";
		};
		9C3B4CD92A9E7AA900E14DC6 /* SplashScreen */ = {
			isa = PBXGroup;
			children = (
			);
			path = SplashScreen;
			sourceTree = "<group>";
		};
		9C3B4CDC2A9EA10B00E14DC6 /* Utils */ = {
			isa = PBXGroup;
			children = (
				9C3B4CDD2A9EA11E00E14DC6 /* CacheAsynImage.swift */,
				9C3B4CDF2A9EA2DC00E14DC6 /* SplashScreen.swift */,
				9C6F706A2A9EA7A4003913D7 /* ColorExtension.swift */,
				9CF8395E2A9EB02A00D17D0B /* NavigationExtension.swift */,
				9CF839602A9EB30400D17D0B /* StringExtension.swift */,
			);
			path = Utils;
			sourceTree = "<group>";
		};
		9C7735062AA2401A00E794C3 /* FavoriteView */ = {
			isa = PBXGroup;
			children = (
				9C7735072AA2402B00E794C3 /* FavoriteView.swift */,
			);
			path = FavoriteView;
			sourceTree = "<group>";
		};
/* End PBXGroup section */

/* Begin PBXNativeTarget section */
		9C3B4C9A2A9E795600E14DC6 /* OracleTest */ = {
			isa = PBXNativeTarget;
			buildConfigurationList = 9C3B4CC42A9E795700E14DC6 /* Build configuration list for PBXNativeTarget "OracleTest" */;
			buildPhases = (
				9C3B4C972A9E795600E14DC6 /* Sources */,
				9C3B4C982A9E795600E14DC6 /* Frameworks */,
				9C3B4C992A9E795600E14DC6 /* Resources */,
			);
			buildRules = (
			);
			dependencies = (
			);
			name = OracleTest;
			productName = OracleTest;
			productReference = 9C3B4C9B2A9E795600E14DC6 /* OracleTest.app */;
			productType = "com.apple.product-type.application";
		};
		9C3B4CAF2A9E795700E14DC6 /* OracleTestTests */ = {
			isa = PBXNativeTarget;
			buildConfigurationList = 9C3B4CC72A9E795700E14DC6 /* Build configuration list for PBXNativeTarget "OracleTestTests" */;
			buildPhases = (
				9C3B4CAC2A9E795700E14DC6 /* Sources */,
				9C3B4CAD2A9E795700E14DC6 /* Frameworks */,
				9C3B4CAE2A9E795700E14DC6 /* Resources */,
			);
			buildRules = (
			);
			dependencies = (
				9C3B4CB22A9E795700E14DC6 /* PBXTargetDependency */,
			);
			name = OracleTestTests;
			productName = OracleTestTests;
			productReference = 9C3B4CB02A9E795700E14DC6 /* OracleTestTests.xctest */;
			productType = "com.apple.product-type.bundle.unit-test";
		};
		9C3B4CB92A9E795700E14DC6 /* OracleTestUITests */ = {
			isa = PBXNativeTarget;
			buildConfigurationList = 9C3B4CCA2A9E795700E14DC6 /* Build configuration list for PBXNativeTarget "OracleTestUITests" */;
			buildPhases = (
				9C3B4CB62A9E795700E14DC6 /* Sources */,
				9C3B4CB72A9E795700E14DC6 /* Frameworks */,
				9C3B4CB82A9E795700E14DC6 /* Resources */,
			);
			buildRules = (
			);
			dependencies = (
				9C3B4CBC2A9E795700E14DC6 /* PBXTargetDependency */,
			);
			name = OracleTestUITests;
			productName = OracleTestUITests;
			productReference = 9C3B4CBA2A9E795700E14DC6 /* OracleTestUITests.xctest */;
			productType = "com.apple.product-type.bundle.ui-testing";
		};
/* End PBXNativeTarget section */

/* Begin PBXProject section */
		9C3B4C932A9E795600E14DC6 /* Project object */ = {
			isa = PBXProject;
			attributes = {
				BuildIndependentTargetsInParallel = 1;
				LastSwiftUpdateCheck = 1430;
				LastUpgradeCheck = 1430;
				TargetAttributes = {
					9C3B4C9A2A9E795600E14DC6 = {
						CreatedOnToolsVersion = 14.3.1;
					};
					9C3B4CAF2A9E795700E14DC6 = {
						CreatedOnToolsVersion = 14.3.1;
						TestTargetID = 9C3B4C9A2A9E795600E14DC6;
					};
					9C3B4CB92A9E795700E14DC6 = {
						CreatedOnToolsVersion = 14.3.1;
						TestTargetID = 9C3B4C9A2A9E795600E14DC6;
					};
				};
			};
			buildConfigurationList = 9C3B4C962A9E795600E14DC6 /* Build configuration list for PBXProject "OracleTest" */;
			compatibilityVersion = "Xcode 14.0";
			developmentRegion = en;
			hasScannedForEncodings = 0;
			knownRegions = (
				en,
				Base,
			);
			mainGroup = 9C3B4C922A9E795600E14DC6;
			productRefGroup = 9C3B4C9C2A9E795600E14DC6 /* Products */;
			projectDirPath = "";
			projectRoot = "";
			targets = (
				9C3B4C9A2A9E795600E14DC6 /* OracleTest */,
				9C3B4CAF2A9E795700E14DC6 /* OracleTestTests */,
				9C3B4CB92A9E795700E14DC6 /* OracleTestUITests */,
			);
		};
/* End PBXProject section */

/* Begin PBXResourcesBuildPhase section */
		9C3B4C992A9E795600E14DC6 /* Resources */ = {
			isa = PBXResourcesBuildPhase;
			buildActionMask = 2147483647;
			files = (
				9C3B4CA62A9E795700E14DC6 /* Preview Assets.xcassets in Resources */,
				9C3B4CA32A9E795700E14DC6 /* Assets.xcassets in Resources */,
			);
			runOnlyForDeploymentPostprocessing = 0;
		};
		9C3B4CAE2A9E795700E14DC6 /* Resources */ = {
			isa = PBXResourcesBuildPhase;
			buildActionMask = 2147483647;
			files = (
			);
			runOnlyForDeploymentPostprocessing = 0;
		};
		9C3B4CB82A9E795700E14DC6 /* Resources */ = {
			isa = PBXResourcesBuildPhase;
			buildActionMask = 2147483647;
			files = (
			);
			runOnlyForDeploymentPostprocessing = 0;
		};
/* End PBXResourcesBuildPhase section */

/* Begin PBXSourcesBuildPhase section */
		9C3B4C972A9E795600E14DC6 /* Sources */ = {
			isa = PBXSourcesBuildPhase;
			buildActionMask = 2147483647;
			files = (
				9C3B4CE02A9EA2DC00E14DC6 /* SplashScreen.swift in Sources */,
				9C3B4CD02A9E7A6700E14DC6 /* PrincipalViewUI.swift in Sources */,
				9CF839612A9EB30400D17D0B /* StringExtension.swift in Sources */,
				9C3B4CD62A9E7A9400E14DC6 /* DetailViewUI.swift in Sources */,
				9C3B4CD22A9E7A7200E14DC6 /* PrincipalViewModel.swift in Sources */,
				9C3B4CDB2A9E7DC200E14DC6 /* CoinDB.swift in Sources */,
				9C3B4CDE2A9EA11E00E14DC6 /* CacheAsynImage.swift in Sources */,
				9CF8395F2A9EB02A00D17D0B /* NavigationExtension.swift in Sources */,
				9C3B4CD42A9E7A8100E14DC6 /* PrincipalModel.swift in Sources */,
				9C3B4C9F2A9E795600E14DC6 /* OracleTestApp.swift in Sources */,
				9C7735082AA2402B00E794C3 /* FavoriteView.swift in Sources */,
				9C6F706B2A9EA7A4003913D7 /* ColorExtension.swift in Sources */,
			);
			runOnlyForDeploymentPostprocessing = 0;
		};
		9C3B4CAC2A9E795700E14DC6 /* Sources */ = {
			isa = PBXSourcesBuildPhase;
			buildActionMask = 2147483647;
			files = (
				9CF839632A9FE19900D17D0B /* CoinViewModelTest.swift in Sources */,
				9CF839652A9FE33D00D17D0B /* CoinModelTest.swift in Sources */,
			);
			runOnlyForDeploymentPostprocessing = 0;
		};
		9C3B4CB62A9E795700E14DC6 /* Sources */ = {
			isa = PBXSourcesBuildPhase;
			buildActionMask = 2147483647;
			files = (
				9C6416162AA131C70036E910 /* PrincipalViewUITesting.swift in Sources */,
			);
			runOnlyForDeploymentPostprocessing = 0;
		};
/* End PBXSourcesBuildPhase section */

/* Begin PBXTargetDependency section */
		9C3B4CB22A9E795700E14DC6 /* PBXTargetDependency */ = {
			isa = PBXTargetDependency;
			target = 9C3B4C9A2A9E795600E14DC6 /* OracleTest */;
			targetProxy = 9C3B4CB12A9E795700E14DC6 /* PBXContainerItemProxy */;
		};
		9C3B4CBC2A9E795700E14DC6 /* PBXTargetDependency */ = {
			isa = PBXTargetDependency;
			target = 9C3B4C9A2A9E795600E14DC6 /* OracleTest */;
			targetProxy = 9C3B4CBB2A9E795700E14DC6 /* PBXContainerItemProxy */;
		};
/* End PBXTargetDependency section */

/* Begin XCBuildConfiguration section */
		9C3B4CC22A9E795700E14DC6 /* Debug */ = {
			isa = XCBuildConfiguration;
			buildSettings = {
				ALWAYS_SEARCH_USER_PATHS = NO;
				CLANG_ANALYZER_NONNULL = YES;
				CLANG_ANALYZER_NUMBER_OBJECT_CONVERSION = YES_AGGRESSIVE;
				CLANG_CXX_LANGUAGE_STANDARD = "gnu++20";
				CLANG_ENABLE_MODULES = YES;
				CLANG_ENABLE_OBJC_ARC = YES;
				CLANG_ENABLE_OBJC_WEAK = YES;
				CLANG_WARN_BLOCK_CAPTURE_AUTORELEASING = YES;
				CLANG_WARN_BOOL_CONVERSION = YES;
				CLANG_WARN_COMMA = YES;
				CLANG_WARN_CONSTANT_CONVERSION = YES;
				CLANG_WARN_DEPRECATED_OBJC_IMPLEMENTATIONS = YES;
				CLANG_WARN_DIRECT_OBJC_ISA_USAGE = YES_ERROR;
				CLANG_WARN_DOCUMENTATION_COMMENTS = YES;
				CLANG_WARN_EMPTY_BODY = YES;
				CLANG_WARN_ENUM_CONVERSION = YES;
				CLANG_WARN_INFINITE_RECURSION = YES;
				CLANG_WARN_INT_CONVERSION = YES;
				CLANG_WARN_NON_LITERAL_NULL_CONVERSION = YES;
				CLANG_WARN_OBJC_IMPLICIT_RETAIN_SELF = YES;
				CLANG_WARN_OBJC_LITERAL_CONVERSION = YES;
				CLANG_WARN_OBJC_ROOT_CLASS = YES_ERROR;
				CLANG_WARN_QUOTED_INCLUDE_IN_FRAMEWORK_HEADER = YES;
				CLANG_WARN_RANGE_LOOP_ANALYSIS = YES;
				CLANG_WARN_STRICT_PROTOTYPES = YES;
				CLANG_WARN_SUSPICIOUS_MOVE = YES;
				CLANG_WARN_UNGUARDED_AVAILABILITY = YES_AGGRESSIVE;
				CLANG_WARN_UNREACHABLE_CODE = YES;
				CLANG_WARN__DUPLICATE_METHOD_MATCH = YES;
				COPY_PHASE_STRIP = NO;
				DEBUG_INFORMATION_FORMAT = dwarf;
				ENABLE_STRICT_OBJC_MSGSEND = YES;
				ENABLE_TESTABILITY = YES;
				GCC_C_LANGUAGE_STANDARD = gnu11;
				GCC_DYNAMIC_NO_PIC = NO;
				GCC_NO_COMMON_BLOCKS = YES;
				GCC_OPTIMIZATION_LEVEL = 0;
				GCC_PREPROCESSOR_DEFINITIONS = (
					"DEBUG=1",
					"$(inherited)",
				);
				GCC_WARN_64_TO_32_BIT_CONVERSION = YES;
				GCC_WARN_ABOUT_RETURN_TYPE = YES_ERROR;
				GCC_WARN_UNDECLARED_SELECTOR = YES;
				GCC_WARN_UNINITIALIZED_AUTOS = YES_AGGRESSIVE;
				GCC_WARN_UNUSED_FUNCTION = YES;
				GCC_WARN_UNUSED_VARIABLE = YES;
				IPHONEOS_DEPLOYMENT_TARGET = 16.4;
				MTL_ENABLE_DEBUG_INFO = INCLUDE_SOURCE;
				MTL_FAST_MATH = YES;
				ONLY_ACTIVE_ARCH = YES;
				SDKROOT = iphoneos;
				SWIFT_ACTIVE_COMPILATION_CONDITIONS = DEBUG;
				SWIFT_OPTIMIZATION_LEVEL = "-Onone";
			};
			name = Debug;
		};
		9C3B4CC32A9E795700E14DC6 /* Release */ = {
			isa = XCBuildConfiguration;
			buildSettings = {
				ALWAYS_SEARCH_USER_PATHS = NO;
				CLANG_ANALYZER_NONNULL = YES;
				CLANG_ANALYZER_NUMBER_OBJECT_CONVERSION = YES_AGGRESSIVE;
				CLANG_CXX_LANGUAGE_STANDARD = "gnu++20";
				CLANG_ENABLE_MODULES = YES;
				CLANG_ENABLE_OBJC_ARC = YES;
				CLANG_ENABLE_OBJC_WEAK = YES;
				CLANG_WARN_BLOCK_CAPTURE_AUTORELEASING = YES;
				CLANG_WARN_BOOL_CONVERSION = YES;
				CLANG_WARN_COMMA = YES;
				CLANG_WARN_CONSTANT_CONVERSION = YES;
				CLANG_WARN_DEPRECATED_OBJC_IMPLEMENTATIONS = YES;
				CLANG_WARN_DIRECT_OBJC_ISA_USAGE = YES_ERROR;
				CLANG_WARN_DOCUMENTATION_COMMENTS = YES;
				CLANG_WARN_EMPTY_BODY = YES;
				CLANG_WARN_ENUM_CONVERSION = YES;
				CLANG_WARN_INFINITE_RECURSION = YES;
				CLANG_WARN_INT_CONVERSION = YES;
				CLANG_WARN_NON_LITERAL_NULL_CONVERSION = YES;
				CLANG_WARN_OBJC_IMPLICIT_RETAIN_SELF = YES;
				CLANG_WARN_OBJC_LITERAL_CONVERSION = YES;
				CLANG_WARN_OBJC_ROOT_CLASS = YES_ERROR;
				CLANG_WARN_QUOTED_INCLUDE_IN_FRAMEWORK_HEADER = YES;
				CLANG_WARN_RANGE_LOOP_ANALYSIS = YES;
				CLANG_WARN_STRICT_PROTOTYPES = YES;
				CLANG_WARN_SUSPICIOUS_MOVE = YES;
				CLANG_WARN_UNGUARDED_AVAILABILITY = YES_AGGRESSIVE;
				CLANG_WARN_UNREACHABLE_CODE = YES;
				CLANG_WARN__DUPLICATE_METHOD_MATCH = YES;
				COPY_PHASE_STRIP = NO;
				DEBUG_INFORMATION_FORMAT = "dwarf-with-dsym";
				ENABLE_NS_ASSERTIONS = NO;
				ENABLE_STRICT_OBJC_MSGSEND = YES;
				GCC_C_LANGUAGE_STANDARD = gnu11;
				GCC_NO_COMMON_BLOCKS = YES;
				GCC_WARN_64_TO_32_BIT_CONVERSION = YES;
				GCC_WARN_ABOUT_RETURN_TYPE = YES_ERROR;
				GCC_WARN_UNDECLARED_SELECTOR = YES;
				GCC_WARN_UNINITIALIZED_AUTOS = YES_AGGRESSIVE;
				GCC_WARN_UNUSED_FUNCTION = YES;
				GCC_WARN_UNUSED_VARIABLE = YES;
				IPHONEOS_DEPLOYMENT_TARGET = 16.4;
				MTL_ENABLE_DEBUG_INFO = NO;
				MTL_FAST_MATH = YES;
				SDKROOT = iphoneos;
				SWIFT_COMPILATION_MODE = wholemodule;
				SWIFT_OPTIMIZATION_LEVEL = "-O";
				VALIDATE_PRODUCT = YES;
			};
			name = Release;
		};
		9C3B4CC52A9E795700E14DC6 /* Debug */ = {
			isa = XCBuildConfiguration;
			buildSettings = {
				ASSETCATALOG_COMPILER_APPICON_NAME = AppIcon;
				ASSETCATALOG_COMPILER_GLOBAL_ACCENT_COLOR_NAME = AccentColor;
				CODE_SIGN_STYLE = Automatic;
				CURRENT_PROJECT_VERSION = 1;
				DEVELOPMENT_ASSET_PATHS = "\"OracleTest/Preview Content\"";
				DEVELOPMENT_TEAM = J58ZDFPQ77;
				ENABLE_PREVIEWS = YES;
				GENERATE_INFOPLIST_FILE = YES;
				INFOPLIST_KEY_UIApplicationSceneManifest_Generation = YES;
				INFOPLIST_KEY_UIApplicationSupportsIndirectInputEvents = YES;
				INFOPLIST_KEY_UILaunchScreen_Generation = YES;
				INFOPLIST_KEY_UISupportedInterfaceOrientations_iPad = "UIInterfaceOrientationPortrait UIInterfaceOrientationPortraitUpsideDown UIInterfaceOrientationLandscapeLeft UIInterfaceOrientationLandscapeRight";
				INFOPLIST_KEY_UISupportedInterfaceOrientations_iPhone = "UIInterfaceOrientationPortrait UIInterfaceOrientationLandscapeLeft UIInterfaceOrientationLandscapeRight";
				LD_RUNPATH_SEARCH_PATHS = (
					"$(inherited)",
					"@executable_path/Frameworks",
				);
				MARKETING_VERSION = 1.0;
				PRODUCT_BUNDLE_IDENTIFIER = jael.OracleTest;
				PRODUCT_NAME = "$(TARGET_NAME)";
				SWIFT_EMIT_LOC_STRINGS = YES;
				SWIFT_VERSION = 5.0;
				TARGETED_DEVICE_FAMILY = "1,2";
			};
			name = Debug;
		};
		9C3B4CC62A9E795700E14DC6 /* Release */ = {
			isa = XCBuildConfiguration;
			buildSettings = {
				ASSETCATALOG_COMPILER_APPICON_NAME = AppIcon;
				ASSETCATALOG_COMPILER_GLOBAL_ACCENT_COLOR_NAME = AccentColor;
				CODE_SIGN_STYLE = Automatic;
				CURRENT_PROJECT_VERSION = 1;
				DEVELOPMENT_ASSET_PATHS = "\"OracleTest/Preview Content\"";
				DEVELOPMENT_TEAM = J58ZDFPQ77;
				ENABLE_PREVIEWS = YES;
				GENERATE_INFOPLIST_FILE = YES;
				INFOPLIST_KEY_UIApplicationSceneManifest_Generation = YES;
				INFOPLIST_KEY_UIApplicationSupportsIndirectInputEvents = YES;
				INFOPLIST_KEY_UILaunchScreen_Generation = YES;
				INFOPLIST_KEY_UISupportedInterfaceOrientations_iPad = "UIInterfaceOrientationPortrait UIInterfaceOrientationPortraitUpsideDown UIInterfaceOrientationLandscapeLeft UIInterfaceOrientationLandscapeRight";
				INFOPLIST_KEY_UISupportedInterfaceOrientations_iPhone = "UIInterfaceOrientationPortrait UIInterfaceOrientationLandscapeLeft UIInterfaceOrientationLandscapeRight";
				LD_RUNPATH_SEARCH_PATHS = (
					"$(inherited)",
					"@executable_path/Frameworks",
				);
				MARKETING_VERSION = 1.0;
				PRODUCT_BUNDLE_IDENTIFIER = jael.OracleTest;
				PRODUCT_NAME = "$(TARGET_NAME)";
				SWIFT_EMIT_LOC_STRINGS = YES;
				SWIFT_VERSION = 5.0;
				TARGETED_DEVICE_FAMILY = "1,2";
			};
			name = Release;
		};
		9C3B4CC82A9E795700E14DC6 /* Debug */ = {
			isa = XCBuildConfiguration;
			buildSettings = {
				ALWAYS_EMBED_SWIFT_STANDARD_LIBRARIES = YES;
				BUNDLE_LOADER = "$(TEST_HOST)";
				CODE_SIGN_STYLE = Automatic;
				CURRENT_PROJECT_VERSION = 1;
				DEVELOPMENT_TEAM = J58ZDFPQ77;
				GENERATE_INFOPLIST_FILE = YES;
				IPHONEOS_DEPLOYMENT_TARGET = 16.4;
				MARKETING_VERSION = 1.0;
				PRODUCT_BUNDLE_IDENTIFIER = jael.OracleTestTests;
				PRODUCT_NAME = "$(TARGET_NAME)";
				SWIFT_EMIT_LOC_STRINGS = NO;
				SWIFT_VERSION = 5.0;
				TARGETED_DEVICE_FAMILY = "1,2";
				TEST_HOST = "$(BUILT_PRODUCTS_DIR)/OracleTest.app/$(BUNDLE_EXECUTABLE_FOLDER_PATH)/OracleTest";
			};
			name = Debug;
		};
		9C3B4CC92A9E795700E14DC6 /* Release */ = {
			isa = XCBuildConfiguration;
			buildSettings = {
				ALWAYS_EMBED_SWIFT_STANDARD_LIBRARIES = YES;
				BUNDLE_LOADER = "$(TEST_HOST)";
				CODE_SIGN_STYLE = Automatic;
				CURRENT_PROJECT_VERSION = 1;
				DEVELOPMENT_TEAM = J58ZDFPQ77;
				GENERATE_INFOPLIST_FILE = YES;
				IPHONEOS_DEPLOYMENT_TARGET = 16.4;
				MARKETING_VERSION = 1.0;
				PRODUCT_BUNDLE_IDENTIFIER = jael.OracleTestTests;
				PRODUCT_NAME = "$(TARGET_NAME)";
				SWIFT_EMIT_LOC_STRINGS = NO;
				SWIFT_VERSION = 5.0;
				TARGETED_DEVICE_FAMILY = "1,2";
				TEST_HOST = "$(BUILT_PRODUCTS_DIR)/OracleTest.app/$(BUNDLE_EXECUTABLE_FOLDER_PATH)/OracleTest";
			};
			name = Release;
		};
		9C3B4CCB2A9E795700E14DC6 /* Debug */ = {
			isa = XCBuildConfiguration;
			buildSettings = {
				ALWAYS_EMBED_SWIFT_STANDARD_LIBRARIES = YES;
				CODE_SIGN_STYLE = Automatic;
				CURRENT_PROJECT_VERSION = 1;
				DEVELOPMENT_TEAM = J58ZDFPQ77;
				GENERATE_INFOPLIST_FILE = YES;
				MARKETING_VERSION = 1.0;
				PRODUCT_BUNDLE_IDENTIFIER = jael.OracleTestUITests;
				PRODUCT_NAME = "$(TARGET_NAME)";
				SWIFT_EMIT_LOC_STRINGS = NO;
				SWIFT_VERSION = 5.0;
				TARGETED_DEVICE_FAMILY = "1,2";
				TEST_TARGET_NAME = OracleTest;
			};
			name = Debug;
		};
		9C3B4CCC2A9E795700E14DC6 /* Release */ = {
			isa = XCBuildConfiguration;
			buildSettings = {
				ALWAYS_EMBED_SWIFT_STANDARD_LIBRARIES = YES;
				CODE_SIGN_STYLE = Automatic;
				CURRENT_PROJECT_VERSION = 1;
				DEVELOPMENT_TEAM = J58ZDFPQ77;
				GENERATE_INFOPLIST_FILE = YES;
				MARKETING_VERSION = 1.0;
				PRODUCT_BUNDLE_IDENTIFIER = jael.OracleTestUITests;
				PRODUCT_NAME = "$(TARGET_NAME)";
				SWIFT_EMIT_LOC_STRINGS = NO;
				SWIFT_VERSION = 5.0;
				TARGETED_DEVICE_FAMILY = "1,2";
				TEST_TARGET_NAME = OracleTest;
			};
			name = Release;
		};
/* End XCBuildConfiguration section */

/* Begin XCConfigurationList section */
		9C3B4C962A9E795600E14DC6 /* Build configuration list for PBXProject "OracleTest" */ = {
			isa = XCConfigurationList;
			buildConfigurations = (
				9C3B4CC22A9E795700E14DC6 /* Debug */,
				9C3B4CC32A9E795700E14DC6 /* Release */,
			);
			defaultConfigurationIsVisible = 0;
			defaultConfigurationName = Release;
		};
		9C3B4CC42A9E795700E14DC6 /* Build configuration list for PBXNativeTarget "OracleTest" */ = {
			isa = XCConfigurationList;
			buildConfigurations = (
				9C3B4CC52A9E795700E14DC6 /* Debug */,
				9C3B4CC62A9E795700E14DC6 /* Release */,
			);
			defaultConfigurationIsVisible = 0;
			defaultConfigurationName = Release;
		};
		9C3B4CC72A9E795700E14DC6 /* Build configuration list for PBXNativeTarget "OracleTestTests" */ = {
			isa = XCConfigurationList;
			buildConfigurations = (
				9C3B4CC82A9E795700E14DC6 /* Debug */,
				9C3B4CC92A9E795700E14DC6 /* Release */,
			);
			defaultConfigurationIsVisible = 0;
			defaultConfigurationName = Release;
		};
		9C3B4CCA2A9E795700E14DC6 /* Build configuration list for PBXNativeTarget "OracleTestUITests" */ = {
			isa = XCConfigurationList;
			buildConfigurations = (
				9C3B4CCB2A9E795700E14DC6 /* Debug */,
				9C3B4CCC2A9E795700E14DC6 /* Release */,
			);
			defaultConfigurationIsVisible = 0;
			defaultConfigurationName = Release;
		};
/* End XCConfigurationList section */
	};
	rootObject = 9C3B4C932A9E795600E14DC6 /* Project object */;
}
